# This file is automatically @generated by Wally.
# It is not intended for manual editing.
registry = "test"

[[package]]
name = "alicesaidhi/jabby"
version = "0.2.0"
dependencies = [["jecs", "ukendio/jecs@0.5.5"], ["pebble", "alicesaidhi/pebble@0.1.2"], ["vide", "centau/vide@0.3.1"]]

[[package]]
name = "alicesaidhi/jabby"
version = "0.3.1"
dependencies = [["jecs", "ukendio/jecs@0.8.3"], ["pebble", "alicesaidhi/pebble@0.1.2"], ["vide", "centau/vide@0.3.1"]]

[[package]]
name = "alicesaidhi/pebble"
version = "0.1.2"
dependencies = [["vide", "centau/vide@0.3.1"]]

[[package]]
name = "centau/vide"
version = "0.3.1"
dependencies = []

[[package]]
name = "red-blox/clock"
version = "1.0.0"
dependencies = []

[[package]]
name = "red-blox/collection"
version = "1.0.0"
dependencies = [["Spawn", "red-blox/spawn@1.1.0"]]

[[package]]
name = "red-blox/ratelimit"
version = "1.0.1"
dependencies = []

[[package]]
name = "red-blox/signal"
version = "2.0.2"
dependencies = [["Spawn", "red-blox/spawn@1.1.0"]]

[[package]]
name = "red-blox/spawn"
version = "1.1.0"
dependencies = []

[[package]]
name = "ukendio/jecs"
version = "0.5.5"
dependencies = []

[[package]]
name = "ukendio/jecs"
version = "0.8.3"
dependencies = []

[[package]]
name = "uxnknwn/profilestore"
version = "1.0.2"
dependencies = []

[[package]]
name = "uxnknwn/tap-and-feed-a-brainrot"
version = "0.1.0"
dependencies = [["Clock", "red-blox/clock@1.0.0"], ["Collection", "red-blox/collection@1.0.0"], ["Fusion", "uxnkown/fusion@0.3.0"], ["Jabby", "alicesaidhi/jabby@0.2.0"], ["Jecs", "ukendio/jecs@0.8.3"], ["Planck", "yetanotherclown/planck@0.2.0"], ["PlanckJabby", "yetanotherclown/planck-jabby@0.2.0"], ["PlanckRunService", "yetanotherclown/planck-runservice@0.2.0"], ["ProfileStore", "uxnknwn/profilestore@1.0.2"], ["Ratelimit", "red-blox/ratelimit@1.0.1"], ["Signal", "red-blox/signal@2.0.2"]]

[[package]]
name = "uxnkown/fusion"
version = "0.3.0"
dependencies = []

[[package]]
name = "yetanotherclown/planck"
version = "0.2.0"
dependencies = []

[[package]]
name = "yetanotherclown/planck-jabby"
version = "0.2.0"
dependencies = [["Jabby", "alicesaidhi/jabby@0.3.1"]]

[[package]]
name = "yetanotherclown/planck-runservice"
version = "0.2.0"
dependencies = [["Planck", "yetanotherclown/planck@0.2.0"]]
